
Microsoft Visual Studio Solution File, Format Version 12.00
# Visual Studio Version 17
VisualStudioVersion = 17.8.34525.116
MinimumVisualStudioVersion = 10.0.40219.1
Project("{FAE04EC0-301F-11D3-BF4B-00C04F79EFBC}") = "ArrayNomes", "ArrayNomes\ArrayNomes.csproj", "{024507C0-CE49-4B3A-BFD2-CD916C7C703D}"
EndProject
Global
	GlobalSection(SolutionConfigurationPlatforms) = preSolution
		Debug|Any CPU = Debug|Any CPU
		Release|Any CPU = Release|Any CPU
	EndGlobalSection
	GlobalSection(ProjectConfigurationPlatforms) = postSolution
		{024507C0-CE49-4B3A-BFD2-CD916C7C703D}.Debug|Any CPU.ActiveCfg = Debug|Any CPU
		{024507C0-CE49-4B3A-BFD2-CD916C7C703D}.Debug|Any CPU.Build.0 = Debug|Any CPU
		{024507C0-CE49-4B3A-BFD2-CD916C7C703D}.Release|Any CPU.ActiveCfg = Release|Any CPU
		{024507C0-CE49-4B3A-BFD2-CD916C7C703D}.Release|Any CPU.Build.0 = Release|Any CPU
	EndGlobalSection
	GlobalSection(SolutionProperties) = preSolution
		HideSolutionNode = FALSE
	EndGlobalSection
	GlobalSection(ExtensibilityGlobals) = postSolution
		SolutionGuid = {7FC2EAEB-D946-4204-A1C1-795ACC0D627B}
	EndGlobalSection
EndGlobal
